
Microsoft Visual Studio Solution File, Format Version 12.00
# Visual Studio 15
VisualStudioVersion = 15.0.27428.2043
MinimumVisualStudioVersion = 10.0.40219.1
Project("{888888A0-9F3D-457C-B088-3A5042F75D52}") = "BasicProject", "BasicProject\BasicProject.pyproj", "{E0C8DF00-E9A9-4874-A575-BD4D475878E3}"
EndProject
Global
	GlobalSection(SolutionConfigurationPlatforms) = preSolution
		Debug|Any CPU = Debug|Any CPU
		Release|Any CPU = Release|Any CPU
	EndGlobalSection
	GlobalSection(ProjectConfigurationPlatforms) = postSolution
		{E0C8DF00-E9A9-4874-A575-BD4D475878E3}.Debug|Any CPU.ActiveCfg = Debug|Any CPU
		{E0C8DF00-E9A9-4874-A575-BD4D475878E3}.Debug|Any CPU.Build.0 = Debug|Any CPU
		{E0C8DF00-E9A9-4874-A575-BD4D475878E3}.Release|Any CPU.ActiveCfg = Release|Any CPU
		{E0C8DF00-E9A9-4874-A575-BD4D475878E3}.Release|Any CPU.Build.0 = Release|Any CPU
	EndGlobalSection
	GlobalSection(SolutionProperties) = preSolution
		HideSolutionNode = FALSE
	EndGlobalSection
	GlobalSection(ExtensibilityGlobals) = postSolution
		SolutionGuid = {3A77EEA5-4F10-4112-84BA-C4A494D99205}
	EndGlobalSection
EndGlobal
